
Microsoft Visual Studio Solution File, Format Version 12.00
# Visual Studio Version 16
VisualStudioVersion = 16.0.31613.86
MinimumVisualStudioVersion = 10.0.40219.1
Project("{FAE04EC0-301F-11D3-BF4B-00C04F79EFBC}") = "Web.Cars", "Web.Cars.csproj", "{63CC4B7B-7243-449A-907E-809647E9FF30}"
EndProject
Global
	GlobalSection(SolutionConfigurationPlatforms) = preSolution
		Debug|Any CPU = Debug|Any CPU
		Release|Any CPU = Release|Any CPU
	EndGlobalSection
	GlobalSection(ProjectConfigurationPlatforms) = postSolution
		{63CC4B7B-7243-449A-907E-809647E9FF30}.Debug|Any CPU.ActiveCfg = Debug|Any CPU
		{63CC4B7B-7243-449A-907E-809647E9FF30}.Debug|Any CPU.Build.0 = Debug|Any CPU
		{63CC4B7B-7243-449A-907E-809647E9FF30}.Release|Any CPU.ActiveCfg = Release|Any CPU
		{63CC4B7B-7243-449A-907E-809647E9FF30}.Release|Any CPU.Build.0 = Release|Any CPU
	EndGlobalSection
	GlobalSection(SolutionProperties) = preSolution
		HideSolutionNode = FALSE
	EndGlobalSection
	GlobalSection(ExtensibilityGlobals) = postSolution
		SolutionGuid = {766336A8-A99D-4EE5-B776-54B3A2C0E877}
	EndGlobalSection
EndGlobal
